{
  "name": "park_booking",
  "requires": true,
  "lockfileVersion": 1,
  "dependencies": {
    "i18n-js": {
      "version": "3.3.0",
      "resolved": "https://registry.npmjs.org/i18n-js/-/i18n-js-3.3.0.tgz",
      "integrity": "sha512-+m8jh84IIWlFwEJgwrWCkeIwIES9ilJKBOj5qx8ZTLLmlPz7bjKnCdxf254wRf6M4pkQHtgXGT9r9lGk0e9aug=="
    "jquery": {
      "version": "3.4.1",
      "resolved": "https://registry.npmjs.org/jquery/-/jquery-3.4.1.tgz",
      "integrity": "sha512-36+AdBzCL+y6qjw5Tx7HgzeGCzC81MDDgaUP8ld2zhx58HdqXGoBd+tHdrBMiyjGQs0Hxs/MLZTu/eHNJJuWPw=="
    },
    "raty-js": {
      "version": "2.9.0",
      "resolved": "https://registry.npmjs.org/raty-js/-/raty-js-2.9.0.tgz",
      "integrity": "sha512-sh4w6Zebi3JGmhdc6KEPVXZVkgE75j3F/0aA/CV6uq4I06AS82y8p6Kpiwh1cnmZiWbjeARv/4XQKpio68X8RA==",
      "requires": {
        "jquery": "^3.3.1"
      }
    }
  }
}
